// !$*UTF8*$!
{
	archiveVersion = 1;
	classes = {
	};
	objectVersion = 56;
	objects = {

/* Begin PBXBuildFile section */
		3F45282C2AC45A8000AFB103 /* WeatherAppApp.swift in Sources */ = {isa = PBXBuildFile; fileRef = 3F45282B2AC45A8000AFB103 /* WeatherAppApp.swift */; };
		3F45282E2AC45A8000AFB103 /* ContentView.swift in Sources */ = {isa = PBXBuildFile; fileRef = 3F45282D2AC45A8000AFB103 /* ContentView.swift */; };
		3F4528302AC45A8700AFB103 /* Assets.xcassets in Resources */ = {isa = PBXBuildFile; fileRef = 3F45282F2AC45A8700AFB103 /* Assets.xcassets */; };
		3F4528332AC45A8700AFB103 /* Preview Assets.xcassets in Resources */ = {isa = PBXBuildFile; fileRef = 3F4528322AC45A8700AFB103 /* Preview Assets.xcassets */; };
		3F4528352AC45A8700AFB103 /* Persistence.swift in Sources */ = {isa = PBXBuildFile; fileRef = 3F4528342AC45A8700AFB103 /* Persistence.swift */; };
		3F4528382AC45A8700AFB103 /* WeatherApp.xcdatamodeld in Sources */ = {isa = PBXBuildFile; fileRef = 3F4528362AC45A8700AFB103 /* WeatherApp.xcdatamodeld */; };
		3F4F3BA52ACD92D400416755 /* WeatherScreen.swift in Sources */ = {isa = PBXBuildFile; fileRef = 3F4F3BA42ACD92D400416755 /* WeatherScreen.swift */; };
		3F4F3BA72ACD9E8B00416755 /* WeekdayForecastView.swift in Sources */ = {isa = PBXBuildFile; fileRef = 3F4F3BA62ACD9E8B00416755 /* WeekdayForecastView.swift */; };
		3F4F3BA92ACDA04500416755 /* City.swift in Sources */ = {isa = PBXBuildFile; fileRef = 3F4F3BA82ACDA04500416755 /* City.swift */; };
		3F4F3BAB2ACDA38000416755 /* Weather.swift in Sources */ = {isa = PBXBuildFile; fileRef = 3F4F3BAA2ACDA38000416755 /* Weather.swift */; };
		3F4F3BAD2ACDA7E300416755 /* CityListScreen.swift in Sources */ = {isa = PBXBuildFile; fileRef = 3F4F3BAC2ACDA7E300416755 /* CityListScreen.swift */; };
/* End PBXBuildFile section */

/* Begin PBXFileReference section */
		3F4528282AC45A8000AFB103 /* WeatherApp.app */ = {isa = PBXFileReference; explicitFileType = wrapper.application; includeInIndex = 0; path = WeatherApp.app; sourceTree = BUILT_PRODUCTS_DIR; };
		3F45282B2AC45A8000AFB103 /* WeatherAppApp.swift */ = {isa = PBXFileReference; lastKnownFileType = sourcecode.swift; path = WeatherAppApp.swift; sourceTree = "<group>"; };
		3F45282D2AC45A8000AFB103 /* ContentView.swift */ = {isa = PBXFileReference; lastKnownFileType = sourcecode.swift; path = ContentView.swift; sourceTree = "<group>"; };
		3F45282F2AC45A8700AFB103 /* Assets.xcassets */ = {isa = PBXFileReference; lastKnownFileType = folder.assetcatalog; path = Assets.xcassets; sourceTree = "<group>"; };
		3F4528322AC45A8700AFB103 /* Preview Assets.xcassets */ = {isa = PBXFileReference; lastKnownFileType = folder.assetcatalog; path = "Preview Assets.xcassets"; sourceTree = "<group>"; };
		3F4528342AC45A8700AFB103 /* Persistence.swift */ = {isa = PBXFileReference; lastKnownFileType = sourcecode.swift; path = Persistence.swift; sourceTree = "<group>"; };
		3F4528372AC45A8700AFB103 /* WeatherApp.xcdatamodel */ = {isa = PBXFileReference; lastKnownFileType = wrapper.xcdatamodel; path = WeatherApp.xcdatamodel; sourceTree = "<group>"; };
		3F4F3BA42ACD92D400416755 /* WeatherScreen.swift */ = {isa = PBXFileReference; lastKnownFileType = sourcecode.swift; path = WeatherScreen.swift; sourceTree = "<group>"; };
		3F4F3BA62ACD9E8B00416755 /* WeekdayForecastView.swift */ = {isa = PBXFileReference; lastKnownFileType = sourcecode.swift; path = WeekdayForecastView.swift; sourceTree = "<group>"; };
		3F4F3BA82ACDA04500416755 /* City.swift */ = {isa = PBXFileReference; lastKnownFileType = sourcecode.swift; path = City.swift; sourceTree = "<group>"; };
		3F4F3BAA2ACDA38000416755 /* Weather.swift */ = {isa = PBXFileReference; lastKnownFileType = sourcecode.swift; path = Weather.swift; sourceTree = "<group>"; };
		3F4F3BAC2ACDA7E300416755 /* CityListScreen.swift */ = {isa = PBXFileReference; lastKnownFileType = sourcecode.swift; path = CityListScreen.swift; sourceTree = "<group>"; };
/* End PBXFileReference section */

/* Begin PBXFrameworksBuildPhase section */
		3F4528252AC45A8000AFB103 /* Frameworks */ = {
			isa = PBXFrameworksBuildPhase;
			buildActionMask = 2147483647;
			files = (
			);
			runOnlyForDeploymentPostprocessing = 0;
		};
/* End PBXFrameworksBuildPhase section */

/* Begin PBXGroup section */
		3F45281F2AC45A8000AFB103 = {
			isa = PBXGroup;
			children = (
				3F45282A2AC45A8000AFB103 /* WeatherApp */,
				3F4528292AC45A8000AFB103 /* Products */,
			);
			sourceTree = "<group>";
		};
		3F4528292AC45A8000AFB103 /* Products */ = {
			isa = PBXGroup;
			children = (
				3F4528282AC45A8000AFB103 /* WeatherApp.app */,
			);
			name = Products;
			sourceTree = "<group>";
		};
		3F45282A2AC45A8000AFB103 /* WeatherApp */ = {
			isa = PBXGroup;
			children = (
				3F4F3BA32ACD916A00416755 /* Data */,
				3F4F3BA22ACD915500416755 /* Models */,
				3F4F3BA12ACD914000416755 /* Views */,
				3F4F3BA02ACD90E400416755 /* Screens */,
				3F45282B2AC45A8000AFB103 /* WeatherAppApp.swift */,
				3F45282D2AC45A8000AFB103 /* ContentView.swift */,
				3F45282F2AC45A8700AFB103 /* Assets.xcassets */,
				3F4528342AC45A8700AFB103 /* Persistence.swift */,
				3F4528362AC45A8700AFB103 /* WeatherApp.xcdatamodeld */,
				3F4528312AC45A8700AFB103 /* Preview Content */,
			);
			path = WeatherApp;
			sourceTree = "<group>";
		};
		3F4528312AC45A8700AFB103 /* Preview Content */ = {
			isa = PBXGroup;
			children = (
				3F4528322AC45A8700AFB103 /* Preview Assets.xcassets */,
			);
			path = "Preview Content";
			sourceTree = "<group>";
		};
		3F4F3BA02ACD90E400416755 /* Screens */ = {
			isa = PBXGroup;
			children = (
				3F4F3BA42ACD92D400416755 /* WeatherScreen.swift */,
				3F4F3BAC2ACDA7E300416755 /* CityListScreen.swift */,
			);
			path = Screens;
			sourceTree = "<group>";
		};
		3F4F3BA12ACD914000416755 /* Views */ = {
			isa = PBXGroup;
			children = (
				3F4F3BA62ACD9E8B00416755 /* WeekdayForecastView.swift */,
			);
			path = Views;
			sourceTree = "<group>";
		};
		3F4F3BA22ACD915500416755 /* Models */ = {
			isa = PBXGroup;
			children = (
				3F4F3BA82ACDA04500416755 /* City.swift */,
				3F4F3BAA2ACDA38000416755 /* Weather.swift */,
			);
			path = Models;
			sourceTree = "<group>";
		};
		3F4F3BA32ACD916A00416755 /* Data */ = {
			isa = PBXGroup;
			children = (
			);
			path = Data;
			sourceTree = "<group>";
		};
/* End PBXGroup section */

/* Begin PBXNativeTarget section */
		3F4528272AC45A8000AFB103 /* WeatherApp */ = {
			isa = PBXNativeTarget;
			buildConfigurationList = 3F45283B2AC45A8700AFB103 /* Build configuration list for PBXNativeTarget "WeatherApp" */;
			buildPhases = (
				3F4528242AC45A8000AFB103 /* Sources */,
				3F4528252AC45A8000AFB103 /* Frameworks */,
				3F4528262AC45A8000AFB103 /* Resources */,
			);
			buildRules = (
			);
			dependencies = (
			);
			name = WeatherApp;
			productName = WeatherApp;
			productReference = 3F4528282AC45A8000AFB103 /* WeatherApp.app */;
			productType = "com.apple.product-type.application";
		};
/* End PBXNativeTarget section */

/* Begin PBXProject section */
		3F4528202AC45A8000AFB103 /* Project object */ = {
			isa = PBXProject;
			attributes = {
				BuildIndependentTargetsInParallel = 1;
				LastSwiftUpdateCheck = 1430;
				LastUpgradeCheck = 1430;
				TargetAttributes = {
					3F4528272AC45A8000AFB103 = {
						CreatedOnToolsVersion = 14.3.1;
					};
				};
			};
			buildConfigurationList = 3F4528232AC45A8000AFB103 /* Build configuration list for PBXProject "WeatherApp" */;
			compatibilityVersion = "Xcode 14.0";
			developmentRegion = en;
			hasScannedForEncodings = 0;
			knownRegions = (
				en,
				Base,
			);
			mainGroup = 3F45281F2AC45A8000AFB103;
			productRefGroup = 3F4528292AC45A8000AFB103 /* Products */;
			projectDirPath = "";
			projectRoot = "";
			targets = (
				3F4528272AC45A8000AFB103 /* WeatherApp */,
			);
		};
/* End PBXProject section */

/* Begin PBXResourcesBuildPhase section */
		3F4528262AC45A8000AFB103 /* Resources */ = {
			isa = PBXResourcesBuildPhase;
			buildActionMask = 2147483647;
			files = (
				3F4528332AC45A8700AFB103 /* Preview Assets.xcassets in Resources */,
				3F4528302AC45A8700AFB103 /* Assets.xcassets in Resources */,
			);
			runOnlyForDeploymentPostprocessing = 0;
		};
/* End PBXResourcesBuildPhase section */

/* Begin PBXSourcesBuildPhase section */
		3F4528242AC45A8000AFB103 /* Sources */ = {
			isa = PBXSourcesBuildPhase;
			buildActionMask = 2147483647;
			files = (
				3F4F3BAB2ACDA38000416755 /* Weather.swift in Sources */,
				3F4528382AC45A8700AFB103 /* WeatherApp.xcdatamodeld in Sources */,
				3F4F3BA52ACD92D400416755 /* WeatherScreen.swift in Sources */,
				3F4F3BA72ACD9E8B00416755 /* WeekdayForecastView.swift in Sources */,
				3F4528352AC45A8700AFB103 /* Persistence.swift in Sources */,
				3F45282E2AC45A8000AFB103 /* ContentView.swift in Sources */,
				3F4F3BAD2ACDA7E300416755 /* CityListScreen.swift in Sources */,
				3F45282C2AC45A8000AFB103 /* WeatherAppApp.swift in Sources */,
				3F4F3BA92ACDA04500416755 /* City.swift in Sources */,
			);
			runOnlyForDeploymentPostprocessing = 0;
		};
/* End PBXSourcesBuildPhase section */

/* Begin XCBuildConfiguration section */
		3F4528392AC45A8700AFB103 /* Debug */ = {
			isa = XCBuildConfiguration;
			buildSettings = {
				ALWAYS_SEARCH_USER_PATHS = NO;
				CLANG_ANALYZER_NONNULL = YES;
				CLANG_ANALYZER_NUMBER_OBJECT_CONVERSION = YES_AGGRESSIVE;
				CLANG_CXX_LANGUAGE_STANDARD = "gnu++20";
				CLANG_ENABLE_MODULES = YES;
				CLANG_ENABLE_OBJC_ARC = YES;
				CLANG_ENABLE_OBJC_WEAK = YES;
				CLANG_WARN_BLOCK_CAPTURE_AUTORELEASING = YES;
				CLANG_WARN_BOOL_CONVERSION = YES;
				CLANG_WARN_COMMA = YES;
				CLANG_WARN_CONSTANT_CONVERSION = YES;
				CLANG_WARN_DEPRECATED_OBJC_IMPLEMENTATIONS = YES;
				CLANG_WARN_DIRECT_OBJC_ISA_USAGE = YES_ERROR;
				CLANG_WARN_DOCUMENTATION_COMMENTS = YES;
				CLANG_WARN_EMPTY_BODY = YES;
				CLANG_WARN_ENUM_CONVERSION = YES;
				CLANG_WARN_INFINITE_RECURSION = YES;
				CLANG_WARN_INT_CONVERSION = YES;
				CLANG_WARN_NON_LITERAL_NULL_CONVERSION = YES;
				CLANG_WARN_OBJC_IMPLICIT_RETAIN_SELF = YES;
				CLANG_WARN_OBJC_LITERAL_CONVERSION = YES;
				CLANG_WARN_OBJC_ROOT_CLASS = YES_ERROR;
				CLANG_WARN_QUOTED_INCLUDE_IN_FRAMEWORK_HEADER = YES;
				CLANG_WARN_RANGE_LOOP_ANALYSIS = YES;
				CLANG_WARN_STRICT_PROTOTYPES = YES;
				CLANG_WARN_SUSPICIOUS_MOVE = YES;
				CLANG_WARN_UNGUARDED_AVAILABILITY = YES_AGGRESSIVE;
				CLANG_WARN_UNREACHABLE_CODE = YES;
				CLANG_WARN__DUPLICATE_METHOD_MATCH = YES;
				COPY_PHASE_STRIP = NO;
				DEBUG_INFORMATION_FORMAT = dwarf;
				ENABLE_STRICT_OBJC_MSGSEND = YES;
				ENABLE_TESTABILITY = YES;
				GCC_C_LANGUAGE_STANDARD = gnu11;
				GCC_DYNAMIC_NO_PIC = NO;
				GCC_NO_COMMON_BLOCKS = YES;
				GCC_OPTIMIZATION_LEVEL = 0;
				GCC_PREPROCESSOR_DEFINITIONS = (
					"DEBUG=1",
					"$(inherited)",
				);
				GCC_WARN_64_TO_32_BIT_CONVERSION = YES;
				GCC_WARN_ABOUT_RETURN_TYPE = YES_ERROR;
				GCC_WARN_UNDECLARED_SELECTOR = YES;
				GCC_WARN_UNINITIALIZED_AUTOS = YES_AGGRESSIVE;
				GCC_WARN_UNUSED_FUNCTION = YES;
				GCC_WARN_UNUSED_VARIABLE = YES;
				IPHONEOS_DEPLOYMENT_TARGET = 16.4;
				MTL_ENABLE_DEBUG_INFO = INCLUDE_SOURCE;
				MTL_FAST_MATH = YES;
				ONLY_ACTIVE_ARCH = YES;
				SDKROOT = iphoneos;
				SWIFT_ACTIVE_COMPILATION_CONDITIONS = DEBUG;
				SWIFT_OPTIMIZATION_LEVEL = "-Onone";
			};
			name = Debug;
		};
		3F45283A2AC45A8700AFB103 /* Release */ = {
			isa = XCBuildConfiguration;
			buildSettings = {
				ALWAYS_SEARCH_USER_PATHS = NO;
				CLANG_ANALYZER_NONNULL = YES;
				CLANG_ANALYZER_NUMBER_OBJECT_CONVERSION = YES_AGGRESSIVE;
				CLANG_CXX_LANGUAGE_STANDARD = "gnu++20";
				CLANG_ENABLE_MODULES = YES;
				CLANG_ENABLE_OBJC_ARC = YES;
				CLANG_ENABLE_OBJC_WEAK = YES;
				CLANG_WARN_BLOCK_CAPTURE_AUTORELEASING = YES;
				CLANG_WARN_BOOL_CONVERSION = YES;
				CLANG_WARN_COMMA = YES;
				CLANG_WARN_CONSTANT_CONVERSION = YES;
				CLANG_WARN_DEPRECATED_OBJC_IMPLEMENTATIONS = YES;
				CLANG_WARN_DIRECT_OBJC_ISA_USAGE = YES_ERROR;
				CLANG_WARN_DOCUMENTATION_COMMENTS = YES;
				CLANG_WARN_EMPTY_BODY = YES;
				CLANG_WARN_ENUM_CONVERSION = YES;
				CLANG_WARN_INFINITE_RECURSION = YES;
				CLANG_WARN_INT_CONVERSION = YES;
				CLANG_WARN_NON_LITERAL_NULL_CONVERSION = YES;
				CLANG_WARN_OBJC_IMPLICIT_RETAIN_SELF = YES;
				CLANG_WARN_OBJC_LITERAL_CONVERSION = YES;
				CLANG_WARN_OBJC_ROOT_CLASS = YES_ERROR;
				CLANG_WARN_QUOTED_INCLUDE_IN_FRAMEWORK_HEADER = YES;
				CLANG_WARN_RANGE_LOOP_ANALYSIS = YES;
				CLANG_WARN_STRICT_PROTOTYPES = YES;
				CLANG_WARN_SUSPICIOUS_MOVE = YES;
				CLANG_WARN_UNGUARDED_AVAILABILITY = YES_AGGRESSIVE;
				CLANG_WARN_UNREACHABLE_CODE = YES;
				CLANG_WARN__DUPLICATE_METHOD_MATCH = YES;
				COPY_PHASE_STRIP = NO;
				DEBUG_INFORMATION_FORMAT = "dwarf-with-dsym";
				ENABLE_NS_ASSERTIONS = NO;
				ENABLE_STRICT_OBJC_MSGSEND = YES;
				GCC_C_LANGUAGE_STANDARD = gnu11;
				GCC_NO_COMMON_BLOCKS = YES;
				GCC_WARN_64_TO_32_BIT_CONVERSION = YES;
				GCC_WARN_ABOUT_RETURN_TYPE = YES_ERROR;
				GCC_WARN_UNDECLARED_SELECTOR = YES;
				GCC_WARN_UNINITIALIZED_AUTOS = YES_AGGRESSIVE;
				GCC_WARN_UNUSED_FUNCTION = YES;
				GCC_WARN_UNUSED_VARIABLE = YES;
				IPHONEOS_DEPLOYMENT_TARGET = 16.4;
				MTL_ENABLE_DEBUG_INFO = NO;
				MTL_FAST_MATH = YES;
				SDKROOT = iphoneos;
				SWIFT_COMPILATION_MODE = wholemodule;
				SWIFT_OPTIMIZATION_LEVEL = "-O";
				VALIDATE_PRODUCT = YES;
			};
			name = Release;
		};
		3F45283C2AC45A8700AFB103 /* Debug */ = {
			isa = XCBuildConfiguration;
			buildSettings = {
				ASSETCATALOG_COMPILER_APPICON_NAME = AppIcon;
				ASSETCATALOG_COMPILER_GLOBAL_ACCENT_COLOR_NAME = AccentColor;
				CODE_SIGN_STYLE = Automatic;
				CURRENT_PROJECT_VERSION = 1;
				DEVELOPMENT_ASSET_PATHS = "\"WeatherApp/Preview Content\"";
				ENABLE_PREVIEWS = YES;
				GENERATE_INFOPLIST_FILE = YES;
				INFOPLIST_KEY_UIApplicationSceneManifest_Generation = YES;
				INFOPLIST_KEY_UIApplicationSupportsIndirectInputEvents = YES;
				INFOPLIST_KEY_UILaunchScreen_Generation = YES;
				INFOPLIST_KEY_UISupportedInterfaceOrientations_iPad = "UIInterfaceOrientationPortrait UIInterfaceOrientationPortraitUpsideDown UIInterfaceOrientationLandscapeLeft UIInterfaceOrientationLandscapeRight";
				INFOPLIST_KEY_UISupportedInterfaceOrientations_iPhone = "UIInterfaceOrientationPortrait UIInterfaceOrientationLandscapeLeft UIInterfaceOrientationLandscapeRight";
				LD_RUNPATH_SEARCH_PATHS = (
					"$(inherited)",
					"@executable_path/Frameworks",
				);
				MARKETING_VERSION = 1.0;
				PRODUCT_BUNDLE_IDENTIFIER = IOSIntroduction.WeatherApp;
				PRODUCT_NAME = "$(TARGET_NAME)";
				SWIFT_EMIT_LOC_STRINGS = YES;
				SWIFT_VERSION = 5.0;
				TARGETED_DEVICE_FAMILY = "1,2";
			};
			name = Debug;
		};
		3F45283D2AC45A8700AFB103 /* Release */ = {
			isa = XCBuildConfiguration;
			buildSettings = {
				ASSETCATALOG_COMPILER_APPICON_NAME = AppIcon;
				ASSETCATALOG_COMPILER_GLOBAL_ACCENT_COLOR_NAME = AccentColor;
				CODE_SIGN_STYLE = Automatic;
				CURRENT_PROJECT_VERSION = 1;
				DEVELOPMENT_ASSET_PATHS = "\"WeatherApp/Preview Content\"";
				ENABLE_PREVIEWS = YES;
				GENERATE_INFOPLIST_FILE = YES;
				INFOPLIST_KEY_UIApplicationSceneManifest_Generation = YES;
				INFOPLIST_KEY_UIApplicationSupportsIndirectInputEvents = YES;
				INFOPLIST_KEY_UILaunchScreen_Generation = YES;
				INFOPLIST_KEY_UISupportedInterfaceOrientations_iPad = "UIInterfaceOrientationPortrait UIInterfaceOrientationPortraitUpsideDown UIInterfaceOrientationLandscapeLeft UIInterfaceOrientationLandscapeRight";
				INFOPLIST_KEY_UISupportedInterfaceOrientations_iPhone = "UIInterfaceOrientationPortrait UIInterfaceOrientationLandscapeLeft UIInterfaceOrientationLandscapeRight";
				LD_RUNPATH_SEARCH_PATHS = (
					"$(inherited)",
					"@executable_path/Frameworks",
				);
				MARKETING_VERSION = 1.0;
				PRODUCT_BUNDLE_IDENTIFIER = IOSIntroduction.WeatherApp;
				PRODUCT_NAME = "$(TARGET_NAME)";
				SWIFT_EMIT_LOC_STRINGS = YES;
				SWIFT_VERSION = 5.0;
				TARGETED_DEVICE_FAMILY = "1,2";
			};
			name = Release;
		};
/* End XCBuildConfiguration section */

/* Begin XCConfigurationList section */
		3F4528232AC45A8000AFB103 /* Build configuration list for PBXProject "WeatherApp" */ = {
			isa = XCConfigurationList;
			buildConfigurations = (
				3F4528392AC45A8700AFB103 /* Debug */,
				3F45283A2AC45A8700AFB103 /* Release */,
			);
			defaultConfigurationIsVisible = 0;
			defaultConfigurationName = Release;
		};
		3F45283B2AC45A8700AFB103 /* Build configuration list for PBXNativeTarget "WeatherApp" */ = {
			isa = XCConfigurationList;
			buildConfigurations = (
				3F45283C2AC45A8700AFB103 /* Debug */,
				3F45283D2AC45A8700AFB103 /* Release */,
			);
			defaultConfigurationIsVisible = 0;
			defaultConfigurationName = Release;
		};
/* End XCConfigurationList section */

/* Begin XCVersionGroup section */
		3F4528362AC45A8700AFB103 /* WeatherApp.xcdatamodeld */ = {
			isa = XCVersionGroup;
			children = (
				3F4528372AC45A8700AFB103 /* WeatherApp.xcdatamodel */,
			);
			currentVersion = 3F4528372AC45A8700AFB103 /* WeatherApp.xcdatamodel */;
			path = WeatherApp.xcdatamodeld;
			sourceTree = "<group>";
			versionGroupType = wrapper.xcdatamodel;
		};
/* End XCVersionGroup section */
	};
	rootObject = 3F4528202AC45A8000AFB103 /* Project object */;
}
