// !$*UTF8*$!
{
	archiveVersion = 1;
	classes = {
	};
	objectVersion = 56;
	objects = {

/* Begin PBXBuildFile section */
		3F25A5892AD8099900519EE3 /* GameData.swift in Sources */ = {isa = PBXBuildFile; fileRef = 3F25A5882AD8099800519EE3 /* GameData.swift */; };
		3F25A58C2AD80B6800519EE3 /* Games.swift in Sources */ = {isa = PBXBuildFile; fileRef = 3F25A58B2AD80B6800519EE3 /* Games.swift */; };
		3F25A58E2AD810C100519EE3 /* HomeScreen.swift in Sources */ = {isa = PBXBuildFile; fileRef = 3F25A58D2AD810C100519EE3 /* HomeScreen.swift */; };
		3F2CC5D42AD83BA300A60F89 /* LibraryScreen.swift in Sources */ = {isa = PBXBuildFile; fileRef = 3F2CC5D32AD83BA300A60F89 /* LibraryScreen.swift */; };
		3F5A0A462ACEF3BA0024C8FE /* GameLoggerApp.swift in Sources */ = {isa = PBXBuildFile; fileRef = 3F5A0A452ACEF3BA0024C8FE /* GameLoggerApp.swift */; };
		3F5A0A482ACEF3BA0024C8FE /* ContentView.swift in Sources */ = {isa = PBXBuildFile; fileRef = 3F5A0A472ACEF3BA0024C8FE /* ContentView.swift */; };
		3F5A0A4A2ACEF3BC0024C8FE /* Assets.xcassets in Resources */ = {isa = PBXBuildFile; fileRef = 3F5A0A492ACEF3BC0024C8FE /* Assets.xcassets */; };
		3F5A0A4D2ACEF3BC0024C8FE /* Preview Assets.xcassets in Resources */ = {isa = PBXBuildFile; fileRef = 3F5A0A4C2ACEF3BC0024C8FE /* Preview Assets.xcassets */; };
		3F5A0A4F2ACEF3BC0024C8FE /* Persistence.swift in Sources */ = {isa = PBXBuildFile; fileRef = 3F5A0A4E2ACEF3BC0024C8FE /* Persistence.swift */; };
		3F5A0A522ACEF3BC0024C8FE /* GameLogger.xcdatamodeld in Sources */ = {isa = PBXBuildFile; fileRef = 3F5A0A502ACEF3BC0024C8FE /* GameLogger.xcdatamodeld */; };
		3F5A0A5A2ACEF4160024C8FE /* SingleItemScreen.swift in Sources */ = {isa = PBXBuildFile; fileRef = 3F5A0A592ACEF4160024C8FE /* SingleItemScreen.swift */; };
/* End PBXBuildFile section */

/* Begin PBXFileReference section */
		3F25A5882AD8099800519EE3 /* GameData.swift */ = {isa = PBXFileReference; lastKnownFileType = sourcecode.swift; path = GameData.swift; sourceTree = "<group>"; };
		3F25A58B2AD80B6800519EE3 /* Games.swift */ = {isa = PBXFileReference; lastKnownFileType = sourcecode.swift; path = Games.swift; sourceTree = "<group>"; };
		3F25A58D2AD810C100519EE3 /* HomeScreen.swift */ = {isa = PBXFileReference; lastKnownFileType = sourcecode.swift; path = HomeScreen.swift; sourceTree = "<group>"; };
		3F2CC5D32AD83BA300A60F89 /* LibraryScreen.swift */ = {isa = PBXFileReference; lastKnownFileType = sourcecode.swift; path = LibraryScreen.swift; sourceTree = "<group>"; };
		3F5A0A422ACEF3BA0024C8FE /* GameLogger.app */ = {isa = PBXFileReference; explicitFileType = wrapper.application; includeInIndex = 0; path = GameLogger.app; sourceTree = BUILT_PRODUCTS_DIR; };
		3F5A0A452ACEF3BA0024C8FE /* GameLoggerApp.swift */ = {isa = PBXFileReference; lastKnownFileType = sourcecode.swift; path = GameLoggerApp.swift; sourceTree = "<group>"; };
		3F5A0A472ACEF3BA0024C8FE /* ContentView.swift */ = {isa = PBXFileReference; lastKnownFileType = sourcecode.swift; path = ContentView.swift; sourceTree = "<group>"; };
		3F5A0A492ACEF3BC0024C8FE /* Assets.xcassets */ = {isa = PBXFileReference; lastKnownFileType = folder.assetcatalog; path = Assets.xcassets; sourceTree = "<group>"; };
		3F5A0A4C2ACEF3BC0024C8FE /* Preview Assets.xcassets */ = {isa = PBXFileReference; lastKnownFileType = folder.assetcatalog; path = "Preview Assets.xcassets"; sourceTree = "<group>"; };
		3F5A0A4E2ACEF3BC0024C8FE /* Persistence.swift */ = {isa = PBXFileReference; lastKnownFileType = sourcecode.swift; path = Persistence.swift; sourceTree = "<group>"; };
		3F5A0A512ACEF3BC0024C8FE /* GameLogger.xcdatamodel */ = {isa = PBXFileReference; lastKnownFileType = wrapper.xcdatamodel; path = GameLogger.xcdatamodel; sourceTree = "<group>"; };
		3F5A0A592ACEF4160024C8FE /* SingleItemScreen.swift */ = {isa = PBXFileReference; lastKnownFileType = sourcecode.swift; path = SingleItemScreen.swift; sourceTree = "<group>"; };
/* End PBXFileReference section */

/* Begin PBXFrameworksBuildPhase section */
		3F5A0A3F2ACEF3BA0024C8FE /* Frameworks */ = {
			isa = PBXFrameworksBuildPhase;
			buildActionMask = 2147483647;
			files = (
			);
			runOnlyForDeploymentPostprocessing = 0;
		};
/* End PBXFrameworksBuildPhase section */

/* Begin PBXGroup section */
		3F25A5872AD8095F00519EE3 /* Data */ = {
			isa = PBXGroup;
			children = (
				3F25A5882AD8099800519EE3 /* GameData.swift */,
			);
			path = Data;
			sourceTree = "<group>";
		};
		3F25A58A2AD80B4C00519EE3 /* Models */ = {
			isa = PBXGroup;
			children = (
				3F25A58B2AD80B6800519EE3 /* Games.swift */,
			);
			path = Models;
			sourceTree = "<group>";
		};
		3F5A0A392ACEF3BA0024C8FE = {
			isa = PBXGroup;
			children = (
				3F5A0A442ACEF3BA0024C8FE /* GameLogger */,
				3F5A0A432ACEF3BA0024C8FE /* Products */,
			);
			sourceTree = "<group>";
		};
		3F5A0A432ACEF3BA0024C8FE /* Products */ = {
			isa = PBXGroup;
			children = (
				3F5A0A422ACEF3BA0024C8FE /* GameLogger.app */,
			);
			name = Products;
			sourceTree = "<group>";
		};
		3F5A0A442ACEF3BA0024C8FE /* GameLogger */ = {
			isa = PBXGroup;
			children = (
				3F25A58A2AD80B4C00519EE3 /* Models */,
				3F25A5872AD8095F00519EE3 /* Data */,
				3F5A0A582ACEF3D90024C8FE /* Screens */,
				3F5A0A452ACEF3BA0024C8FE /* GameLoggerApp.swift */,
				3F5A0A472ACEF3BA0024C8FE /* ContentView.swift */,
				3F5A0A492ACEF3BC0024C8FE /* Assets.xcassets */,
				3F5A0A4E2ACEF3BC0024C8FE /* Persistence.swift */,
				3F5A0A502ACEF3BC0024C8FE /* GameLogger.xcdatamodeld */,
				3F5A0A4B2ACEF3BC0024C8FE /* Preview Content */,
			);
			path = GameLogger;
			sourceTree = "<group>";
		};
		3F5A0A4B2ACEF3BC0024C8FE /* Preview Content */ = {
			isa = PBXGroup;
			children = (
				3F5A0A4C2ACEF3BC0024C8FE /* Preview Assets.xcassets */,
			);
			path = "Preview Content";
			sourceTree = "<group>";
		};
		3F5A0A582ACEF3D90024C8FE /* Screens */ = {
			isa = PBXGroup;
			children = (
				3F5A0A592ACEF4160024C8FE /* SingleItemScreen.swift */,
				3F25A58D2AD810C100519EE3 /* HomeScreen.swift */,
				3F2CC5D32AD83BA300A60F89 /* LibraryScreen.swift */,
			);
			path = Screens;
			sourceTree = "<group>";
		};
/* End PBXGroup section */

/* Begin PBXNativeTarget section */
		3F5A0A412ACEF3BA0024C8FE /* GameLogger */ = {
			isa = PBXNativeTarget;
			buildConfigurationList = 3F5A0A552ACEF3BC0024C8FE /* Build configuration list for PBXNativeTarget "GameLogger" */;
			buildPhases = (
				3F5A0A3E2ACEF3BA0024C8FE /* Sources */,
				3F5A0A3F2ACEF3BA0024C8FE /* Frameworks */,
				3F5A0A402ACEF3BA0024C8FE /* Resources */,
			);
			buildRules = (
			);
			dependencies = (
			);
			name = GameLogger;
			productName = GameLogger;
			productReference = 3F5A0A422ACEF3BA0024C8FE /* GameLogger.app */;
			productType = "com.apple.product-type.application";
		};
/* End PBXNativeTarget section */

/* Begin PBXProject section */
		3F5A0A3A2ACEF3BA0024C8FE /* Project object */ = {
			isa = PBXProject;
			attributes = {
				BuildIndependentTargetsInParallel = 1;
				LastSwiftUpdateCheck = 1430;
				LastUpgradeCheck = 1430;
				TargetAttributes = {
					3F5A0A412ACEF3BA0024C8FE = {
						CreatedOnToolsVersion = 14.3.1;
					};
				};
			};
			buildConfigurationList = 3F5A0A3D2ACEF3BA0024C8FE /* Build configuration list for PBXProject "GameLogger" */;
			compatibilityVersion = "Xcode 14.0";
			developmentRegion = en;
			hasScannedForEncodings = 0;
			knownRegions = (
				en,
				Base,
			);
			mainGroup = 3F5A0A392ACEF3BA0024C8FE;
			productRefGroup = 3F5A0A432ACEF3BA0024C8FE /* Products */;
			projectDirPath = "";
			projectRoot = "";
			targets = (
				3F5A0A412ACEF3BA0024C8FE /* GameLogger */,
			);
		};
/* End PBXProject section */

/* Begin PBXResourcesBuildPhase section */
		3F5A0A402ACEF3BA0024C8FE /* Resources */ = {
			isa = PBXResourcesBuildPhase;
			buildActionMask = 2147483647;
			files = (
				3F5A0A4D2ACEF3BC0024C8FE /* Preview Assets.xcassets in Resources */,
				3F5A0A4A2ACEF3BC0024C8FE /* Assets.xcassets in Resources */,
			);
			runOnlyForDeploymentPostprocessing = 0;
		};
/* End PBXResourcesBuildPhase section */

/* Begin PBXSourcesBuildPhase section */
		3F5A0A3E2ACEF3BA0024C8FE /* Sources */ = {
			isa = PBXSourcesBuildPhase;
			buildActionMask = 2147483647;
			files = (
				3F5A0A5A2ACEF4160024C8FE /* SingleItemScreen.swift in Sources */,
				3F25A5892AD8099900519EE3 /* GameData.swift in Sources */,
				3F5A0A4F2ACEF3BC0024C8FE /* Persistence.swift in Sources */,
				3F25A58C2AD80B6800519EE3 /* Games.swift in Sources */,
				3F2CC5D42AD83BA300A60F89 /* LibraryScreen.swift in Sources */,
				3F25A58E2AD810C100519EE3 /* HomeScreen.swift in Sources */,
				3F5A0A522ACEF3BC0024C8FE /* GameLogger.xcdatamodeld in Sources */,
				3F5A0A482ACEF3BA0024C8FE /* ContentView.swift in Sources */,
				3F5A0A462ACEF3BA0024C8FE /* GameLoggerApp.swift in Sources */,
			);
			runOnlyForDeploymentPostprocessing = 0;
		};
/* End PBXSourcesBuildPhase section */

/* Begin XCBuildConfiguration section */
		3F5A0A532ACEF3BC0024C8FE /* Debug */ = {
			isa = XCBuildConfiguration;
			buildSettings = {
				ALWAYS_SEARCH_USER_PATHS = NO;
				CLANG_ANALYZER_NONNULL = YES;
				CLANG_ANALYZER_NUMBER_OBJECT_CONVERSION = YES_AGGRESSIVE;
				CLANG_CXX_LANGUAGE_STANDARD = "gnu++20";
				CLANG_ENABLE_MODULES = YES;
				CLANG_ENABLE_OBJC_ARC = YES;
				CLANG_ENABLE_OBJC_WEAK = YES;
				CLANG_WARN_BLOCK_CAPTURE_AUTORELEASING = YES;
				CLANG_WARN_BOOL_CONVERSION = YES;
				CLANG_WARN_COMMA = YES;
				CLANG_WARN_CONSTANT_CONVERSION = YES;
				CLANG_WARN_DEPRECATED_OBJC_IMPLEMENTATIONS = YES;
				CLANG_WARN_DIRECT_OBJC_ISA_USAGE = YES_ERROR;
				CLANG_WARN_DOCUMENTATION_COMMENTS = YES;
				CLANG_WARN_EMPTY_BODY = YES;
				CLANG_WARN_ENUM_CONVERSION = YES;
				CLANG_WARN_INFINITE_RECURSION = YES;
				CLANG_WARN_INT_CONVERSION = YES;
				CLANG_WARN_NON_LITERAL_NULL_CONVERSION = YES;
				CLANG_WARN_OBJC_IMPLICIT_RETAIN_SELF = YES;
				CLANG_WARN_OBJC_LITERAL_CONVERSION = YES;
				CLANG_WARN_OBJC_ROOT_CLASS = YES_ERROR;
				CLANG_WARN_QUOTED_INCLUDE_IN_FRAMEWORK_HEADER = YES;
				CLANG_WARN_RANGE_LOOP_ANALYSIS = YES;
				CLANG_WARN_STRICT_PROTOTYPES = YES;
				CLANG_WARN_SUSPICIOUS_MOVE = YES;
				CLANG_WARN_UNGUARDED_AVAILABILITY = YES_AGGRESSIVE;
				CLANG_WARN_UNREACHABLE_CODE = YES;
				CLANG_WARN__DUPLICATE_METHOD_MATCH = YES;
				COPY_PHASE_STRIP = NO;
				DEBUG_INFORMATION_FORMAT = dwarf;
				ENABLE_STRICT_OBJC_MSGSEND = YES;
				ENABLE_TESTABILITY = YES;
				GCC_C_LANGUAGE_STANDARD = gnu11;
				GCC_DYNAMIC_NO_PIC = NO;
				GCC_NO_COMMON_BLOCKS = YES;
				GCC_OPTIMIZATION_LEVEL = 0;
				GCC_PREPROCESSOR_DEFINITIONS = (
					"DEBUG=1",
					"$(inherited)",
				);
				GCC_WARN_64_TO_32_BIT_CONVERSION = YES;
				GCC_WARN_ABOUT_RETURN_TYPE = YES_ERROR;
				GCC_WARN_UNDECLARED_SELECTOR = YES;
				GCC_WARN_UNINITIALIZED_AUTOS = YES_AGGRESSIVE;
				GCC_WARN_UNUSED_FUNCTION = YES;
				GCC_WARN_UNUSED_VARIABLE = YES;
				IPHONEOS_DEPLOYMENT_TARGET = 16.4;
				MTL_ENABLE_DEBUG_INFO = INCLUDE_SOURCE;
				MTL_FAST_MATH = YES;
				ONLY_ACTIVE_ARCH = YES;
				SDKROOT = iphoneos;
				SWIFT_ACTIVE_COMPILATION_CONDITIONS = DEBUG;
				SWIFT_OPTIMIZATION_LEVEL = "-Onone";
			};
			name = Debug;
		};
		3F5A0A542ACEF3BC0024C8FE /* Release */ = {
			isa = XCBuildConfiguration;
			buildSettings = {
				ALWAYS_SEARCH_USER_PATHS = NO;
				CLANG_ANALYZER_NONNULL = YES;
				CLANG_ANALYZER_NUMBER_OBJECT_CONVERSION = YES_AGGRESSIVE;
				CLANG_CXX_LANGUAGE_STANDARD = "gnu++20";
				CLANG_ENABLE_MODULES = YES;
				CLANG_ENABLE_OBJC_ARC = YES;
				CLANG_ENABLE_OBJC_WEAK = YES;
				CLANG_WARN_BLOCK_CAPTURE_AUTORELEASING = YES;
				CLANG_WARN_BOOL_CONVERSION = YES;
				CLANG_WARN_COMMA = YES;
				CLANG_WARN_CONSTANT_CONVERSION = YES;
				CLANG_WARN_DEPRECATED_OBJC_IMPLEMENTATIONS = YES;
				CLANG_WARN_DIRECT_OBJC_ISA_USAGE = YES_ERROR;
				CLANG_WARN_DOCUMENTATION_COMMENTS = YES;
				CLANG_WARN_EMPTY_BODY = YES;
				CLANG_WARN_ENUM_CONVERSION = YES;
				CLANG_WARN_INFINITE_RECURSION = YES;
				CLANG_WARN_INT_CONVERSION = YES;
				CLANG_WARN_NON_LITERAL_NULL_CONVERSION = YES;
				CLANG_WARN_OBJC_IMPLICIT_RETAIN_SELF = YES;
				CLANG_WARN_OBJC_LITERAL_CONVERSION = YES;
				CLANG_WARN_OBJC_ROOT_CLASS = YES_ERROR;
				CLANG_WARN_QUOTED_INCLUDE_IN_FRAMEWORK_HEADER = YES;
				CLANG_WARN_RANGE_LOOP_ANALYSIS = YES;
				CLANG_WARN_STRICT_PROTOTYPES = YES;
				CLANG_WARN_SUSPICIOUS_MOVE = YES;
				CLANG_WARN_UNGUARDED_AVAILABILITY = YES_AGGRESSIVE;
				CLANG_WARN_UNREACHABLE_CODE = YES;
				CLANG_WARN__DUPLICATE_METHOD_MATCH = YES;
				COPY_PHASE_STRIP = NO;
				DEBUG_INFORMATION_FORMAT = "dwarf-with-dsym";
				ENABLE_NS_ASSERTIONS = NO;
				ENABLE_STRICT_OBJC_MSGSEND = YES;
				GCC_C_LANGUAGE_STANDARD = gnu11;
				GCC_NO_COMMON_BLOCKS = YES;
				GCC_WARN_64_TO_32_BIT_CONVERSION = YES;
				GCC_WARN_ABOUT_RETURN_TYPE = YES_ERROR;
				GCC_WARN_UNDECLARED_SELECTOR = YES;
				GCC_WARN_UNINITIALIZED_AUTOS = YES_AGGRESSIVE;
				GCC_WARN_UNUSED_FUNCTION = YES;
				GCC_WARN_UNUSED_VARIABLE = YES;
				IPHONEOS_DEPLOYMENT_TARGET = 16.4;
				MTL_ENABLE_DEBUG_INFO = NO;
				MTL_FAST_MATH = YES;
				SDKROOT = iphoneos;
				SWIFT_COMPILATION_MODE = wholemodule;
				SWIFT_OPTIMIZATION_LEVEL = "-O";
				VALIDATE_PRODUCT = YES;
			};
			name = Release;
		};
		3F5A0A562ACEF3BC0024C8FE /* Debug */ = {
			isa = XCBuildConfiguration;
			buildSettings = {
				ASSETCATALOG_COMPILER_APPICON_NAME = AppIcon;
				ASSETCATALOG_COMPILER_GLOBAL_ACCENT_COLOR_NAME = AccentColor;
				CODE_SIGN_STYLE = Automatic;
				CURRENT_PROJECT_VERSION = 1;
				DEVELOPMENT_ASSET_PATHS = "\"GameLogger/Preview Content\"";
				ENABLE_PREVIEWS = YES;
				GENERATE_INFOPLIST_FILE = YES;
				INFOPLIST_KEY_UIApplicationSceneManifest_Generation = YES;
				INFOPLIST_KEY_UIApplicationSupportsIndirectInputEvents = YES;
				INFOPLIST_KEY_UILaunchScreen_Generation = YES;
				INFOPLIST_KEY_UISupportedInterfaceOrientations_iPad = "UIInterfaceOrientationPortrait UIInterfaceOrientationPortraitUpsideDown UIInterfaceOrientationLandscapeLeft UIInterfaceOrientationLandscapeRight";
				INFOPLIST_KEY_UISupportedInterfaceOrientations_iPhone = "UIInterfaceOrientationPortrait UIInterfaceOrientationLandscapeLeft UIInterfaceOrientationLandscapeRight";
				LD_RUNPATH_SEARCH_PATHS = (
					"$(inherited)",
					"@executable_path/Frameworks",
				);
				MARKETING_VERSION = 1.0;
				PRODUCT_BUNDLE_IDENTIFIER = IOSIntroduction.GameLogger;
				PRODUCT_NAME = "$(TARGET_NAME)";
				SWIFT_EMIT_LOC_STRINGS = YES;
				SWIFT_VERSION = 5.0;
				TARGETED_DEVICE_FAMILY = "1,2";
			};
			name = Debug;
		};
		3F5A0A572ACEF3BC0024C8FE /* Release */ = {
			isa = XCBuildConfiguration;
			buildSettings = {
				ASSETCATALOG_COMPILER_APPICON_NAME = AppIcon;
				ASSETCATALOG_COMPILER_GLOBAL_ACCENT_COLOR_NAME = AccentColor;
				CODE_SIGN_STYLE = Automatic;
				CURRENT_PROJECT_VERSION = 1;
				DEVELOPMENT_ASSET_PATHS = "\"GameLogger/Preview Content\"";
				ENABLE_PREVIEWS = YES;
				GENERATE_INFOPLIST_FILE = YES;
				INFOPLIST_KEY_UIApplicationSceneManifest_Generation = YES;
				INFOPLIST_KEY_UIApplicationSupportsIndirectInputEvents = YES;
				INFOPLIST_KEY_UILaunchScreen_Generation = YES;
				INFOPLIST_KEY_UISupportedInterfaceOrientations_iPad = "UIInterfaceOrientationPortrait UIInterfaceOrientationPortraitUpsideDown UIInterfaceOrientationLandscapeLeft UIInterfaceOrientationLandscapeRight";
				INFOPLIST_KEY_UISupportedInterfaceOrientations_iPhone = "UIInterfaceOrientationPortrait UIInterfaceOrientationLandscapeLeft UIInterfaceOrientationLandscapeRight";
				LD_RUNPATH_SEARCH_PATHS = (
					"$(inherited)",
					"@executable_path/Frameworks",
				);
				MARKETING_VERSION = 1.0;
				PRODUCT_BUNDLE_IDENTIFIER = IOSIntroduction.GameLogger;
				PRODUCT_NAME = "$(TARGET_NAME)";
				SWIFT_EMIT_LOC_STRINGS = YES;
				SWIFT_VERSION = 5.0;
				TARGETED_DEVICE_FAMILY = "1,2";
			};
			name = Release;
		};
/* End XCBuildConfiguration section */

/* Begin XCConfigurationList section */
		3F5A0A3D2ACEF3BA0024C8FE /* Build configuration list for PBXProject "GameLogger" */ = {
			isa = XCConfigurationList;
			buildConfigurations = (
				3F5A0A532ACEF3BC0024C8FE /* Debug */,
				3F5A0A542ACEF3BC0024C8FE /* Release */,
			);
			defaultConfigurationIsVisible = 0;
			defaultConfigurationName = Release;
		};
		3F5A0A552ACEF3BC0024C8FE /* Build configuration list for PBXNativeTarget "GameLogger" */ = {
			isa = XCConfigurationList;
			buildConfigurations = (
				3F5A0A562ACEF3BC0024C8FE /* Debug */,
				3F5A0A572ACEF3BC0024C8FE /* Release */,
			);
			defaultConfigurationIsVisible = 0;
			defaultConfigurationName = Release;
		};
/* End XCConfigurationList section */

/* Begin XCVersionGroup section */
		3F5A0A502ACEF3BC0024C8FE /* GameLogger.xcdatamodeld */ = {
			isa = XCVersionGroup;
			children = (
				3F5A0A512ACEF3BC0024C8FE /* GameLogger.xcdatamodel */,
			);
			currentVersion = 3F5A0A512ACEF3BC0024C8FE /* GameLogger.xcdatamodel */;
			path = GameLogger.xcdatamodeld;
			sourceTree = "<group>";
			versionGroupType = wrapper.xcdatamodel;
		};
/* End XCVersionGroup section */
	};
	rootObject = 3F5A0A3A2ACEF3BA0024C8FE /* Project object */;
}
